// !$*UTF8*$!
{
	archiveVersion = 1;
	classes = {
	};
	objectVersion = 46;
	objects = {

/* Begin PBXBuildFile section */
		9CB5FBB21E31D1FA00D97715 /* lexer.cpp in Sources */ = {isa = PBXBuildFile; fileRef = 9CB5FBB01E31D1FA00D97715 /* lexer.cpp */; };
		9CB5FBB61E31D29300D97715 /* inputbuf.cpp in Sources */ = {isa = PBXBuildFile; fileRef = 9CB5FBB41E31D29300D97715 /* inputbuf.cpp */; };
/* End PBXBuildFile section */

/* Begin PBXCopyFilesBuildPhase section */
		9CB5FBA41E31A9BB00D97715 /* CopyFiles */ = {
			isa = PBXCopyFilesBuildPhase;
			buildActionMask = 2147483647;
			dstPath = /usr/share/man/man1/;
			dstSubfolderSpec = 0;
			files = (
			);
			runOnlyForDeploymentPostprocessing = 1;
		};
/* End PBXCopyFilesBuildPhase section */

/* Begin PBXFileReference section */
		9CB5FBA61E31A9BC00D97715 /* lexer */ = {isa = PBXFileReference; explicitFileType = "compiled.mach-o.executable"; includeInIndex = 0; path = lexer; sourceTree = BUILT_PRODUCTS_DIR; };
		9CB5FBB01E31D1FA00D97715 /* lexer.cpp */ = {isa = PBXFileReference; fileEncoding = 4; lastKnownFileType = sourcecode.cpp.cpp; path = lexer.cpp; sourceTree = "<group>"; };
		9CB5FBB31E31D25500D97715 /* lexer.h */ = {isa = PBXFileReference; lastKnownFileType = sourcecode.c.h; path = lexer.h; sourceTree = "<group>"; };
		9CB5FBB41E31D29300D97715 /* inputbuf.cpp */ = {isa = PBXFileReference; fileEncoding = 4; lastKnownFileType = sourcecode.cpp.cpp; path = inputbuf.cpp; sourceTree = "<group>"; };
		9CB5FBB71E31D2DF00D97715 /* inputbuf.h */ = {isa = PBXFileReference; lastKnownFileType = sourcecode.c.h; path = inputbuf.h; sourceTree = "<group>"; };
/* End PBXFileReference section */

/* Begin PBXFrameworksBuildPhase section */
		9CB5FBA31E31A9BB00D97715 /* Frameworks */ = {
			isa = PBXFrameworksBuildPhase;
			buildActionMask = 2147483647;
			files = (
			);
			runOnlyForDeploymentPostprocessing = 0;
		};
/* End PBXFrameworksBuildPhase section */

/* Begin PBXGroup section */
		9CB5FB9D1E31A9BB00D97715 = {
			isa = PBXGroup;
			children = (
				9CB5FBA81E31A9BC00D97715 /* lexer */,
				9CB5FBA71E31A9BC00D97715 /* Products */,
			);
			sourceTree = "<group>";
		};
		9CB5FBA71E31A9BC00D97715 /* Products */ = {
			isa = PBXGroup;
			children = (
				9CB5FBA61E31A9BC00D97715 /* lexer */,
			);
			name = Products;
			sourceTree = "<group>";
		};
		9CB5FBA81E31A9BC00D97715 /* lexer */ = {
			isa = PBXGroup;
			children = (
				9CB5FBB01E31D1FA00D97715 /* lexer.cpp */,
				9CB5FBB31E31D25500D97715 /* lexer.h */,
				9CB5FBB41E31D29300D97715 /* inputbuf.cpp */,
				9CB5FBB71E31D2DF00D97715 /* inputbuf.h */,
			);
			path = lexer;
			sourceTree = "<group>";
		};
/* End PBXGroup section */

/* Begin PBXNativeTarget section */
		9CB5FBA51E31A9BB00D97715 /* lexer */ = {
			isa = PBXNativeTarget;
			buildConfigurationList = 9CB5FBAD1E31A9BC00D97715 /* Build configuration list for PBXNativeTarget "lexer" */;
			buildPhases = (
				9CB5FBA21E31A9BB00D97715 /* Sources */,
				9CB5FBA31E31A9BB00D97715 /* Frameworks */,
				9CB5FBA41E31A9BB00D97715 /* CopyFiles */,
			);
			buildRules = (
			);
			dependencies = (
			);
			name = lexer;
			productName = lexer;
			productReference = 9CB5FBA61E31A9BC00D97715 /* lexer */;
			productType = "com.apple.product-type.tool";
		};
/* End PBXNativeTarget section */

/* Begin PBXProject section */
		9CB5FB9E1E31A9BB00D97715 /* Project object */ = {
			isa = PBXProject;
			attributes = {
				LastUpgradeCheck = 0820;
				ORGANIZATIONNAME = "Dhalton Huber";
				TargetAttributes = {
					9CB5FBA51E31A9BB00D97715 = {
						CreatedOnToolsVersion = 8.2.1;
						ProvisioningStyle = Automatic;
					};
				};
			};
			buildConfigurationList = 9CB5FBA11E31A9BB00D97715 /* Build configuration list for PBXProject "lexer" */;
			compatibilityVersion = "Xcode 3.2";
			developmentRegion = English;
			hasScannedForEncodings = 0;
			knownRegions = (
				en,
			);
			mainGroup = 9CB5FB9D1E31A9BB00D97715;
			productRefGroup = 9CB5FBA71E31A9BC00D97715 /* Products */;
			projectDirPath = "";
			projectRoot = "";
			targets = (
				9CB5FBA51E31A9BB00D97715 /* lexer */,
			);
		};
/* End PBXProject section */

/* Begin PBXSourcesBuildPhase section */
		9CB5FBA21E31A9BB00D97715 /* Sources */ = {
			isa = PBXSourcesBuildPhase;
			buildActionMask = 2147483647;
			files = (
				9CB5FBB21E31D1FA00D97715 /* lexer.cpp in Sources */,
				9CB5FBB61E31D29300D97715 /* inputbuf.cpp in Sources */,
			);
			runOnlyForDeploymentPostprocessing = 0;
		};
/* End PBXSourcesBuildPhase section */

/* Begin XCBuildConfiguration section */
		9CB5FBAB1E31A9BC00D97715 /* Debug */ = {
			isa = XCBuildConfiguration;
			buildSettings = {
				ALWAYS_SEARCH_USER_PATHS = NO;
				CLANG_ANALYZER_NONNULL = YES;
				CLANG_CXX_LANGUAGE_STANDARD = "gnu++0x";
				CLANG_CXX_LIBRARY = "libc++";
				CLANG_ENABLE_MODULES = YES;
				CLANG_ENABLE_OBJC_ARC = YES;
				CLANG_WARN_BOOL_CONVERSION = YES;
				CLANG_WARN_CONSTANT_CONVERSION = YES;
				CLANG_WARN_DIRECT_OBJC_ISA_USAGE = YES_ERROR;
				CLANG_WARN_DOCUMENTATION_COMMENTS = YES;
				CLANG_WARN_EMPTY_BODY = YES;
				CLANG_WARN_ENUM_CONVERSION = YES;
				CLANG_WARN_INFINITE_RECURSION = YES;
				CLANG_WARN_INT_CONVERSION = YES;
				CLANG_WARN_OBJC_ROOT_CLASS = YES_ERROR;
				CLANG_WARN_SUSPICIOUS_MOVE = YES;
				CLANG_WARN_UNREACHABLE_CODE = YES;
				CLANG_WARN__DUPLICATE_METHOD_MATCH = YES;
				CODE_SIGN_IDENTITY = "-";
				COPY_PHASE_STRIP = NO;
				DEBUG_INFORMATION_FORMAT = dwarf;
				ENABLE_STRICT_OBJC_MSGSEND = YES;
				ENABLE_TESTABILITY = YES;
				GCC_C_LANGUAGE_STANDARD = gnu99;
				GCC_DYNAMIC_NO_PIC = NO;
				GCC_NO_COMMON_BLOCKS = YES;
				GCC_OPTIMIZATION_LEVEL = 0;
				GCC_PREPROCESSOR_DEFINITIONS = (
					"DEBUG=1",
					"$(inherited)",
				);
				GCC_WARN_64_TO_32_BIT_CONVERSION = YES;
				GCC_WARN_ABOUT_RETURN_TYPE = YES_ERROR;
				GCC_WARN_UNDECLARED_SELECTOR = YES;
				GCC_WARN_UNINITIALIZED_AUTOS = YES_AGGRESSIVE;
				GCC_WARN_UNUSED_FUNCTION = YES;
				GCC_WARN_UNUSED_VARIABLE = YES;
				MACOSX_DEPLOYMENT_TARGET = 10.12;
				MTL_ENABLE_DEBUG_INFO = YES;
				ONLY_ACTIVE_ARCH = YES;
				SDKROOT = macosx;
			};
			name = Debug;
		};
		9CB5FBAC1E31A9BC00D97715 /* Release */ = {
			isa = XCBuildConfiguration;
			buildSettings = {
				ALWAYS_SEARCH_USER_PATHS = NO;
				CLANG_ANALYZER_NONNULL = YES;
				CLANG_CXX_LANGUAGE_STANDARD = "gnu++0x";
				CLANG_CXX_LIBRARY = "libc++";
				CLANG_ENABLE_MODULES = YES;
				CLANG_ENABLE_OBJC_ARC = YES;
				CLANG_WARN_BOOL_CONVERSION = YES;
				CLANG_WARN_CONSTANT_CONVERSION = YES;
				CLANG_WARN_DIRECT_OBJC_ISA_USAGE = YES_ERROR;
				CLANG_WARN_DOCUMENTATION_COMMENTS = YES;
				CLANG_WARN_EMPTY_BODY = YES;
				CLANG_WARN_ENUM_CONVERSION = YES;
				CLANG_WARN_INFINITE_RECURSION = YES;
				CLANG_WARN_INT_CONVERSION = YES;
				CLANG_WARN_OBJC_ROOT_CLASS = YES_ERROR;
				CLANG_WARN_SUSPICIOUS_MOVE = YES;
				CLANG_WARN_UNREACHABLE_CODE = YES;
				CLANG_WARN__DUPLICATE_METHOD_MATCH = YES;
				CODE_SIGN_IDENTITY = "-";
				COPY_PHASE_STRIP = NO;
				DEBUG_INFORMATION_FORMAT = "dwarf-with-dsym";
				ENABLE_NS_ASSERTIONS = NO;
				ENABLE_STRICT_OBJC_MSGSEND = YES;
				GCC_C_LANGUAGE_STANDARD = gnu99;
				GCC_NO_COMMON_BLOCKS = YES;
				GCC_WARN_64_TO_32_BIT_CONVERSION = YES;
				GCC_WARN_ABOUT_RETURN_TYPE = YES_ERROR;
				GCC_WARN_UNDECLARED_SELECTOR = YES;
				GCC_WARN_UNINITIALIZED_AUTOS = YES_AGGRESSIVE;
				GCC_WARN_UNUSED_FUNCTION = YES;
				GCC_WARN_UNUSED_VARIABLE = YES;
				MACOSX_DEPLOYMENT_TARGET = 10.12;
				MTL_ENABLE_DEBUG_INFO = NO;
				SDKROOT = macosx;
			};
			name = Release;
		};
		9CB5FBAE1E31A9BC00D97715 /* Debug */ = {
			isa = XCBuildConfiguration;
			buildSettings = {
				PRODUCT_NAME = "$(TARGET_NAME)";
			};
			name = Debug;
		};
		9CB5FBAF1E31A9BC00D97715 /* Release */ = {
			isa = XCBuildConfiguration;
			buildSettings = {
				PRODUCT_NAME = "$(TARGET_NAME)";
			};
			name = Release;
		};
/* End XCBuildConfiguration section */

/* Begin XCConfigurationList section */
		9CB5FBA11E31A9BB00D97715 /* Build configuration list for PBXProject "lexer" */ = {
			isa = XCConfigurationList;
			buildConfigurations = (
				9CB5FBAB1E31A9BC00D97715 /* Debug */,
				9CB5FBAC1E31A9BC00D97715 /* Release */,
			);
			defaultConfigurationIsVisible = 0;
			defaultConfigurationName = Release;
		};
		9CB5FBAD1E31A9BC00D97715 /* Build configuration list for PBXNativeTarget "lexer" */ = {
			isa = XCConfigurationList;
			buildConfigurations = (
				9CB5FBAE1E31A9BC00D97715 /* Debug */,
				9CB5FBAF1E31A9BC00D97715 /* Release */,
			);
			defaultConfigurationIsVisible = 0;
		};
/* End XCConfigurationList section */
	};
	rootObject = 9CB5FB9E1E31A9BB00D97715 /* Project object */;
}
